
Microsoft Visual Studio Solution File, Format Version 12.00
# Visual Studio Version 17
VisualStudioVersion = 17.1.32407.343
MinimumVisualStudioVersion = 10.0.40219.1
Project("{FAE04EC0-301F-11D3-BF4B-00C04F79EFBC}") = "Aproxima radacinilor", "Aproxima radacinilor\Aproxima radacinilor.csproj", "{13DD3D4C-1B68-417F-BF86-C448CF418074}"
EndProject
Global
	GlobalSection(SolutionConfigurationPlatforms) = preSolution
		Debug|Any CPU = Debug|Any CPU
		Release|Any CPU = Release|Any CPU
	EndGlobalSection
	GlobalSection(ProjectConfigurationPlatforms) = postSolution
		{13DD3D4C-1B68-417F-BF86-C448CF418074}.Debug|Any CPU.ActiveCfg = Debug|Any CPU
		{13DD3D4C-1B68-417F-BF86-C448CF418074}.Debug|Any CPU.Build.0 = Debug|Any CPU
		{13DD3D4C-1B68-417F-BF86-C448CF418074}.Release|Any CPU.ActiveCfg = Release|Any CPU
		{13DD3D4C-1B68-417F-BF86-C448CF418074}.Release|Any CPU.Build.0 = Release|Any CPU
	EndGlobalSection
	GlobalSection(SolutionProperties) = preSolution
		HideSolutionNode = FALSE
	EndGlobalSection
	GlobalSection(ExtensibilityGlobals) = postSolution
		SolutionGuid = {293DA33E-5BA7-4525-8B5B-E7C08107FA7A}
	EndGlobalSection
EndGlobal
