
Microsoft Visual Studio Solution File, Format Version 12.00
# Visual Studio Version 17
VisualStudioVersion = 17.3.32929.385
MinimumVisualStudioVersion = 10.0.40219.1
Project("{FAE04EC0-301F-11D3-BF4B-00C04F79EFBC}") = "Metoda lui Runge-Kutta ord 4", "Metoda lui Runge-Kutta ord 4\Metoda lui Runge-Kutta ord 4.csproj", "{417D139C-A750-440A-AD52-51779CBA65AA}"
EndProject
Global
	GlobalSection(SolutionConfigurationPlatforms) = preSolution
		Debug|Any CPU = Debug|Any CPU
		Release|Any CPU = Release|Any CPU
	EndGlobalSection
	GlobalSection(ProjectConfigurationPlatforms) = postSolution
		{417D139C-A750-440A-AD52-51779CBA65AA}.Debug|Any CPU.ActiveCfg = Debug|Any CPU
		{417D139C-A750-440A-AD52-51779CBA65AA}.Debug|Any CPU.Build.0 = Debug|Any CPU
		{417D139C-A750-440A-AD52-51779CBA65AA}.Release|Any CPU.ActiveCfg = Release|Any CPU
		{417D139C-A750-440A-AD52-51779CBA65AA}.Release|Any CPU.Build.0 = Release|Any CPU
	EndGlobalSection
	GlobalSection(SolutionProperties) = preSolution
		HideSolutionNode = FALSE
	EndGlobalSection
	GlobalSection(ExtensibilityGlobals) = postSolution
		SolutionGuid = {002857E7-0476-4F95-AC14-F9421A098956}
	EndGlobalSection
EndGlobal
