
Microsoft Visual Studio Solution File, Format Version 12.00
# Visual Studio Version 17
VisualStudioVersion = 17.3.32929.385
MinimumVisualStudioVersion = 10.0.40219.1
Project("{9A19103F-16F7-4668-BE54-9A1E7A4F7556}") = "Metoda lui Euler modifacat", "Metoda lui Taylor\Metoda lui Euler modifacat.csproj", "{BD96CA32-BFB0-4904-8C00-0C47691F5575}"
EndProject
Global
	GlobalSection(SolutionConfigurationPlatforms) = preSolution
		Debug|Any CPU = Debug|Any CPU
		Release|Any CPU = Release|Any CPU
	EndGlobalSection
	GlobalSection(ProjectConfigurationPlatforms) = postSolution
		{BD96CA32-BFB0-4904-8C00-0C47691F5575}.Debug|Any CPU.ActiveCfg = Debug|Any CPU
		{BD96CA32-BFB0-4904-8C00-0C47691F5575}.Debug|Any CPU.Build.0 = Debug|Any CPU
		{BD96CA32-BFB0-4904-8C00-0C47691F5575}.Release|Any CPU.ActiveCfg = Release|Any CPU
		{BD96CA32-BFB0-4904-8C00-0C47691F5575}.Release|Any CPU.Build.0 = Release|Any CPU
	EndGlobalSection
	GlobalSection(SolutionProperties) = preSolution
		HideSolutionNode = FALSE
	EndGlobalSection
	GlobalSection(ExtensibilityGlobals) = postSolution
		SolutionGuid = {A08CDCBE-B994-4482-B7D2-1579398AC032}
	EndGlobalSection
EndGlobal
